{
  "nodes": {
    "nixpkgs": {
      "locked": {
        "lastModified": 1776376719,
        "narHash": "sha256-JyzO/yxRt/CcRkuVTrPxjx3BmHGwxA70BI4Ny7/juQc=",
        "owner": "NixOS",
        "repo": "nixpkgs",
        "rev": "3663274eefc71091894988fca4e3a41426e85fda",
        "type": "github"
      },
      "original": {
        "owner": "NixOS",
        "repo": "nixpkgs",
        "type": "github"
      }
    },
    "root": {
      "inputs": {
        "nixpkgs": "nixpkgs",
        "scala-cli-nix": "scala-cli-nix"
      }
    },
    "scala-cli-nix": {
      "inputs": {
        "nixpkgs": [
          "nixpkgs"
        ]
      },
      "locked": {
        "lastModified": 1776511001,
        "narHash": "sha256-EGzXXnM9mfEuKCkahYj5gp20PpNjyeQw/5KVJQPjMik=",
        "owner": "scala-nix",
        "repo": "scala-cli-nix",
        "rev": "66aec2946f9166408fc61cb902dda4ceceffb7d0",
        "type": "github"
      },
      "original": {
        "owner": "scala-nix",
        "repo": "scala-cli-nix",
        "type": "github"
      }
    }
  },
  "root": "root",
  "version": 7
}
