{
  "nodes": {
    "nixpkgs": {
      "locked": {
        "lastModified": 1776376719,
        "narHash": "sha256-JyzO/yxRt/CcRkuVTrPxjx3BmHGwxA70BI4Ny7/juQc=",
        "owner": "NixOS",
        "repo": "nixpkgs",
        "rev": "3663274eefc71091894988fca4e3a41426e85fda",
        "type": "github"
      },
      "original": {
        "owner": "NixOS",
        "repo": "nixpkgs",
        "type": "github"
      }
    },
    "root": {
      "inputs": {
        "nixpkgs": "nixpkgs",
        "scala-cli-nix": "scala-cli-nix"
      }
    },
    "scala-cli-nix": {
      "inputs": {
        "nixpkgs": [
          "nixpkgs"
        ]
      },
      "locked": {
        "lastModified": 1776447111,
        "narHash": "sha256-qWqha1eJJOqbnXbMIXuOqx37vhZhLrXbHeGrSV/zw0Y=",
        "owner": "scala-nix",
        "repo": "scala-cli-nix",
        "rev": "aa1fc4151cca8f5373007a1a5b6352304e436098",
        "type": "github"
      },
      "original": {
        "owner": "scala-nix",
        "repo": "scala-cli-nix",
        "type": "github"
      }
    }
  },
  "root": "root",
  "version": 7
}
